
Microsoft Visual Studio Solution File, Format Version 12.00
# Visual Studio Version 16
VisualStudioVersion = 16.0.29020.237
MinimumVisualStudioVersion = 10.0.40219.1
Project("{FAE04EC0-301F-11D3-BF4B-00C04F79EFBC}") = "ConsoleAppServer", "ConsoleAppServer\ConsoleAppServer.csproj", "{0AB4FC9A-531E-4E71-B7EE-C5FA4EC1F274}"
EndProject
Project("{FAE04EC0-301F-11D3-BF4B-00C04F79EFBC}") = "ConsoleAppTcpClient", "ConsoleAppTcpClient\ConsoleAppTcpClient.csproj", "{56A3A344-AFF9-4D19-AC38-664328636CD3}"
EndProject
Global
	GlobalSection(SolutionConfigurationPlatforms) = preSolution
		Debug|Any CPU = Debug|Any CPU
		Release|Any CPU = Release|Any CPU
	EndGlobalSection
	GlobalSection(ProjectConfigurationPlatforms) = postSolution
		{0AB4FC9A-531E-4E71-B7EE-C5FA4EC1F274}.Debug|Any CPU.ActiveCfg = Debug|Any CPU
		{0AB4FC9A-531E-4E71-B7EE-C5FA4EC1F274}.Debug|Any CPU.Build.0 = Debug|Any CPU
		{0AB4FC9A-531E-4E71-B7EE-C5FA4EC1F274}.Release|Any CPU.ActiveCfg = Release|Any CPU
		{0AB4FC9A-531E-4E71-B7EE-C5FA4EC1F274}.Release|Any CPU.Build.0 = Release|Any CPU
		{56A3A344-AFF9-4D19-AC38-664328636CD3}.Debug|Any CPU.ActiveCfg = Debug|Any CPU
		{56A3A344-AFF9-4D19-AC38-664328636CD3}.Debug|Any CPU.Build.0 = Debug|Any CPU
		{56A3A344-AFF9-4D19-AC38-664328636CD3}.Release|Any CPU.ActiveCfg = Release|Any CPU
		{56A3A344-AFF9-4D19-AC38-664328636CD3}.Release|Any CPU.Build.0 = Release|Any CPU
	EndGlobalSection
	GlobalSection(SolutionProperties) = preSolution
		HideSolutionNode = FALSE
	EndGlobalSection
	GlobalSection(ExtensibilityGlobals) = postSolution
		SolutionGuid = {536F6891-85AC-41F7-931A-941A80237142}
	EndGlobalSection
EndGlobal
